// !$*UTF8*$!
{
	archiveVersion = 1;
	classes = {
	};
	objectVersion = 46;
	objects = {

/* Begin PBXBuildFile section */
		D141E4841CD7649F0087253A /* main.m in Sources */ = {isa = PBXBuildFile; fileRef = D141E4831CD7649F0087253A /* main.m */; };
		D141E4871CD7649F0087253A /* AppDelegate.m in Sources */ = {isa = PBXBuildFile; fileRef = D141E4861CD7649F0087253A /* AppDelegate.m */; };
		D141E48A1CD7649F0087253A /* ViewController.m in Sources */ = {isa = PBXBuildFile; fileRef = D141E4891CD7649F0087253A /* ViewController.m */; };
		D141E48D1CD7649F0087253A /* Main.storyboard in Resources */ = {isa = PBXBuildFile; fileRef = D141E48B1CD7649F0087253A /* Main.storyboard */; };
		D141E48F1CD7649F0087253A /* Assets.xcassets in Resources */ = {isa = PBXBuildFile; fileRef = D141E48E1CD7649F0087253A /* Assets.xcassets */; };
		D141E4921CD7649F0087253A /* LaunchScreen.storyboard in Resources */ = {isa = PBXBuildFile; fileRef = D141E4901CD7649F0087253A /* LaunchScreen.storyboard */; };
		D141E49D1CD7649F0087253A /* TouchTrackerTests.m in Sources */ = {isa = PBXBuildFile; fileRef = D141E49C1CD7649F0087253A /* TouchTrackerTests.m */; };
		D141E4A81CD7649F0087253A /* TouchTrackerUITests.m in Sources */ = {isa = PBXBuildFile; fileRef = D141E4A71CD7649F0087253A /* TouchTrackerUITests.m */; };
		D141E4B71CD765A80087253A /* BNRLine.m in Sources */ = {isa = PBXBuildFile; fileRef = D141E4B61CD765A80087253A /* BNRLine.m */; settings = {ASSET_TAGS = (); }; };
		D141E4BA1CD766530087253A /* BNRDrawView.m in Sources */ = {isa = PBXBuildFile; fileRef = D141E4B91CD766530087253A /* BNRDrawView.m */; settings = {ASSET_TAGS = (); }; };
		D141E4BD1CD766A70087253A /* BNRDrawViewController.m in Sources */ = {isa = PBXBuildFile; fileRef = D141E4BC1CD766A70087253A /* BNRDrawViewController.m */; settings = {ASSET_TAGS = (); }; };
		D141E4C01CDADEDA0087253A /* BNRCircle.m in Sources */ = {isa = PBXBuildFile; fileRef = D141E4BF1CDADEDA0087253A /* BNRCircle.m */; settings = {ASSET_TAGS = (); }; };
		D160F2A61CF5AD050080C655 /* cache2.png in Resources */ = {isa = PBXBuildFile; fileRef = D160F2831CF5AD050080C655 /* cache2.png */; settings = {ASSET_TAGS = (); }; };
		D160F2A71CF5AD050080C655 /* popoverArrowDown.png in Resources */ = {isa = PBXBuildFile; fileRef = D160F2841CF5AD050080C655 /* popoverArrowDown.png */; settings = {ASSET_TAGS = (); }; };
		D160F2A81CF5AD050080C655 /* popoverArrowDown@2x.png in Resources */ = {isa = PBXBuildFile; fileRef = D160F2851CF5AD050080C655 /* popoverArrowDown@2x.png */; settings = {ASSET_TAGS = (); }; };
		D160F2A91CF5AD050080C655 /* popoverArrowDownSimple.png in Resources */ = {isa = PBXBuildFile; fileRef = D160F2861CF5AD050080C655 /* popoverArrowDownSimple.png */; settings = {ASSET_TAGS = (); }; };
		D160F2AA1CF5AD050080C655 /* popoverArrowLeft.png in Resources */ = {isa = PBXBuildFile; fileRef = D160F2871CF5AD050080C655 /* popoverArrowLeft.png */; settings = {ASSET_TAGS = (); }; };
		D160F2AB1CF5AD050080C655 /* popoverArrowLeft@2x.png in Resources */ = {isa = PBXBuildFile; fileRef = D160F2881CF5AD050080C655 /* popoverArrowLeft@2x.png */; settings = {ASSET_TAGS = (); }; };
		D160F2AC1CF5AD050080C655 /* popoverArrowLeftSimple.png in Resources */ = {isa = PBXBuildFile; fileRef = D160F2891CF5AD050080C655 /* popoverArrowLeftSimple.png */; settings = {ASSET_TAGS = (); }; };
		D160F2AD1CF5AD050080C655 /* popoverArrowRight.png in Resources */ = {isa = PBXBuildFile; fileRef = D160F28A1CF5AD050080C655 /* popoverArrowRight.png */; settings = {ASSET_TAGS = (); }; };
		D160F2AE1CF5AD050080C655 /* popoverArrowRight@2x.png in Resources */ = {isa = PBXBuildFile; fileRef = D160F28B1CF5AD050080C655 /* popoverArrowRight@2x.png */; settings = {ASSET_TAGS = (); }; };
		D160F2AF1CF5AD050080C655 /* popoverArrowRightSimple.png in Resources */ = {isa = PBXBuildFile; fileRef = D160F28C1CF5AD050080C655 /* popoverArrowRightSimple.png */; settings = {ASSET_TAGS = (); }; };
		D160F2B01CF5AD050080C655 /* popoverArrowUp.png in Resources */ = {isa = PBXBuildFile; fileRef = D160F28D1CF5AD050080C655 /* popoverArrowUp.png */; settings = {ASSET_TAGS = (); }; };
		D160F2B11CF5AD050080C655 /* popoverArrowUp@2x.png in Resources */ = {isa = PBXBuildFile; fileRef = D160F28E1CF5AD050080C655 /* popoverArrowUp@2x.png */; settings = {ASSET_TAGS = (); }; };
		D160F2B21CF5AD050080C655 /* popoverArrowUpSimple.png in Resources */ = {isa = PBXBuildFile; fileRef = D160F28F1CF5AD050080C655 /* popoverArrowUpSimple.png */; settings = {ASSET_TAGS = (); }; };
		D160F2B31CF5AD050080C655 /* popoverBg.png in Resources */ = {isa = PBXBuildFile; fileRef = D160F2901CF5AD050080C655 /* popoverBg.png */; settings = {ASSET_TAGS = (); }; };
		D160F2B41CF5AD050080C655 /* popoverBg@2x.png in Resources */ = {isa = PBXBuildFile; fileRef = D160F2911CF5AD050080C655 /* popoverBg@2x.png */; settings = {ASSET_TAGS = (); }; };
		D160F2B51CF5AD050080C655 /* popoverBgSimple.png in Resources */ = {isa = PBXBuildFile; fileRef = D160F2921CF5AD050080C655 /* popoverBgSimple.png */; settings = {ASSET_TAGS = (); }; };
		D160F2B61CF5AD050080C655 /* README in Resources */ = {isa = PBXBuildFile; fileRef = D160F2931CF5AD050080C655 /* README */; settings = {ASSET_TAGS = (); }; };
		D160F2B71CF5AD050080C655 /* ColorButton.m in Sources */ = {isa = PBXBuildFile; fileRef = D160F2961CF5AD050080C655 /* ColorButton.m */; settings = {ASSET_TAGS = (); }; };
		D160F2B81CF5AD050080C655 /* GzColors.m in Sources */ = {isa = PBXBuildFile; fileRef = D160F2981CF5AD050080C655 /* GzColors.m */; settings = {ASSET_TAGS = (); }; };
		D160F2B91CF5AD050080C655 /* UIBarButtonItem+WEPopover.m in Sources */ = {isa = PBXBuildFile; fileRef = D160F29A1CF5AD050080C655 /* UIBarButtonItem+WEPopover.m */; settings = {ASSET_TAGS = (); }; };
		D160F2BA1CF5AD050080C655 /* WEPopoverContainerView.m in Sources */ = {isa = PBXBuildFile; fileRef = D160F29C1CF5AD050080C655 /* WEPopoverContainerView.m */; settings = {ASSET_TAGS = (); }; };
		D160F2BB1CF5AD050080C655 /* WEPopoverController.m in Sources */ = {isa = PBXBuildFile; fileRef = D160F29E1CF5AD050080C655 /* WEPopoverController.m */; settings = {ASSET_TAGS = (); }; };
		D160F2BC1CF5AD050080C655 /* WETouchableView.m in Sources */ = {isa = PBXBuildFile; fileRef = D160F2A11CF5AD050080C655 /* WETouchableView.m */; settings = {ASSET_TAGS = (); }; };
		D160F2BD1CF5AD050080C655 /* ColorViewController.m in Sources */ = {isa = PBXBuildFile; fileRef = D160F2A41CF5AD050080C655 /* ColorViewController.m */; settings = {ASSET_TAGS = (); }; };
		D1B04E311CF5B39C00EC4F97 /* QuartzCore.framework in Frameworks */ = {isa = PBXBuildFile; fileRef = D1B04E2C1CF5B39C00EC4F97 /* QuartzCore.framework */; settings = {ASSET_TAGS = (); }; };
		D1B04E321CF5B39C00EC4F97 /* UIKit.framework in Frameworks */ = {isa = PBXBuildFile; fileRef = D1B04E2D1CF5B39C00EC4F97 /* UIKit.framework */; settings = {ASSET_TAGS = (); }; };
		D1B04E331CF5B39C00EC4F97 /* Foundation.framework in Frameworks */ = {isa = PBXBuildFile; fileRef = D1B04E2E1CF5B39C00EC4F97 /* Foundation.framework */; settings = {ASSET_TAGS = (); }; };
		D1B04E341CF5B39C00EC4F97 /* CoreGraphics.framework in Frameworks */ = {isa = PBXBuildFile; fileRef = D1B04E2F1CF5B39C00EC4F97 /* CoreGraphics.framework */; settings = {ASSET_TAGS = (); }; };
		D1B04E391CF5B42500EC4F97 /* ColorPopoverDemo-Info.plist in Resources */ = {isa = PBXBuildFile; fileRef = D1B04E351CF5B42500EC4F97 /* ColorPopoverDemo-Info.plist */; settings = {ASSET_TAGS = (); }; };
		D1B04E3A1CF5B42500EC4F97 /* InfoPlist.strings in Resources */ = {isa = PBXBuildFile; fileRef = D1B04E361CF5B42500EC4F97 /* InfoPlist.strings */; settings = {ASSET_TAGS = (); }; };
/* End PBXBuildFile section */

/* Begin PBXContainerItemProxy section */
		D141E4991CD7649F0087253A /* PBXContainerItemProxy */ = {
			isa = PBXContainerItemProxy;
			containerPortal = D141E4771CD7649F0087253A /* Project object */;
			proxyType = 1;
			remoteGlobalIDString = D141E47E1CD7649F0087253A;
			remoteInfo = TouchTracker;
		};
		D141E4A41CD7649F0087253A /* PBXContainerItemProxy */ = {
			isa = PBXContainerItemProxy;
			containerPortal = D141E4771CD7649F0087253A /* Project object */;
			proxyType = 1;
			remoteGlobalIDString = D141E47E1CD7649F0087253A;
			remoteInfo = TouchTracker;
		};
/* End PBXContainerItemProxy section */

/* Begin PBXFileReference section */
		D141E47F1CD7649F0087253A /* TouchTracker.app */ = {isa = PBXFileReference; explicitFileType = wrapper.application; includeInIndex = 0; path = TouchTracker.app; sourceTree = BUILT_PRODUCTS_DIR; };
		D141E4831CD7649F0087253A /* main.m */ = {isa = PBXFileReference; lastKnownFileType = sourcecode.c.objc; path = main.m; sourceTree = "<group>"; };
		D141E4851CD7649F0087253A /* AppDelegate.h */ = {isa = PBXFileReference; lastKnownFileType = sourcecode.c.h; path = AppDelegate.h; sourceTree = "<group>"; };
		D141E4861CD7649F0087253A /* AppDelegate.m */ = {isa = PBXFileReference; lastKnownFileType = sourcecode.c.objc; path = AppDelegate.m; sourceTree = "<group>"; };
		D141E4881CD7649F0087253A /* ViewController.h */ = {isa = PBXFileReference; lastKnownFileType = sourcecode.c.h; path = ViewController.h; sourceTree = "<group>"; };
		D141E4891CD7649F0087253A /* ViewController.m */ = {isa = PBXFileReference; lastKnownFileType = sourcecode.c.objc; path = ViewController.m; sourceTree = "<group>"; };
		D141E48C1CD7649F0087253A /* Base */ = {isa = PBXFileReference; lastKnownFileType = file.storyboard; name = Base; path = Base.lproj/Main.storyboard; sourceTree = "<group>"; };
		D141E48E1CD7649F0087253A /* Assets.xcassets */ = {isa = PBXFileReference; lastKnownFileType = folder.assetcatalog; path = Assets.xcassets; sourceTree = "<group>"; };
		D141E4911CD7649F0087253A /* Base */ = {isa = PBXFileReference; lastKnownFileType = file.storyboard; name = Base; path = Base.lproj/LaunchScreen.storyboard; sourceTree = "<group>"; };
		D141E4931CD7649F0087253A /* Info.plist */ = {isa = PBXFileReference; lastKnownFileType = text.plist.xml; path = Info.plist; sourceTree = "<group>"; };
		D141E4981CD7649F0087253A /* TouchTrackerTests.xctest */ = {isa = PBXFileReference; explicitFileType = wrapper.cfbundle; includeInIndex = 0; path = TouchTrackerTests.xctest; sourceTree = BUILT_PRODUCTS_DIR; };
		D141E49C1CD7649F0087253A /* TouchTrackerTests.m */ = {isa = PBXFileReference; lastKnownFileType = sourcecode.c.objc; path = TouchTrackerTests.m; sourceTree = "<group>"; };
		D141E49E1CD7649F0087253A /* Info.plist */ = {isa = PBXFileReference; lastKnownFileType = text.plist.xml; path = Info.plist; sourceTree = "<group>"; };
		D141E4A31CD7649F0087253A /* TouchTrackerUITests.xctest */ = {isa = PBXFileReference; explicitFileType = wrapper.cfbundle; includeInIndex = 0; path = TouchTrackerUITests.xctest; sourceTree = BUILT_PRODUCTS_DIR; };
		D141E4A71CD7649F0087253A /* TouchTrackerUITests.m */ = {isa = PBXFileReference; lastKnownFileType = sourcecode.c.objc; path = TouchTrackerUITests.m; sourceTree = "<group>"; };
		D141E4A91CD7649F0087253A /* Info.plist */ = {isa = PBXFileReference; lastKnownFileType = text.plist.xml; path = Info.plist; sourceTree = "<group>"; };
		D141E4B51CD765A80087253A /* BNRLine.h */ = {isa = PBXFileReference; fileEncoding = 4; lastKnownFileType = sourcecode.c.h; path = BNRLine.h; sourceTree = "<group>"; };
		D141E4B61CD765A80087253A /* BNRLine.m */ = {isa = PBXFileReference; fileEncoding = 4; lastKnownFileType = sourcecode.c.objc; path = BNRLine.m; sourceTree = "<group>"; };
		D141E4B81CD766530087253A /* BNRDrawView.h */ = {isa = PBXFileReference; fileEncoding = 4; lastKnownFileType = sourcecode.c.h; path = BNRDrawView.h; sourceTree = "<group>"; };
		D141E4B91CD766530087253A /* BNRDrawView.m */ = {isa = PBXFileReference; fileEncoding = 4; lastKnownFileType = sourcecode.c.objc; path = BNRDrawView.m; sourceTree = "<group>"; };
		D141E4BB1CD766A70087253A /* BNRDrawViewController.h */ = {isa = PBXFileReference; fileEncoding = 4; lastKnownFileType = sourcecode.c.h; path = BNRDrawViewController.h; sourceTree = "<group>"; };
		D141E4BC1CD766A70087253A /* BNRDrawViewController.m */ = {isa = PBXFileReference; fileEncoding = 4; lastKnownFileType = sourcecode.c.objc; path = BNRDrawViewController.m; sourceTree = "<group>"; };
		D141E4BE1CDADEDA0087253A /* BNRCircle.h */ = {isa = PBXFileReference; fileEncoding = 4; lastKnownFileType = sourcecode.c.h; path = BNRCircle.h; sourceTree = "<group>"; };
		D141E4BF1CDADEDA0087253A /* BNRCircle.m */ = {isa = PBXFileReference; fileEncoding = 4; lastKnownFileType = sourcecode.c.objc; path = BNRCircle.m; sourceTree = "<group>"; };
		D160F2831CF5AD050080C655 /* cache2.png */ = {isa = PBXFileReference; lastKnownFileType = image.png; path = cache2.png; sourceTree = "<group>"; };
		D160F2841CF5AD050080C655 /* popoverArrowDown.png */ = {isa = PBXFileReference; lastKnownFileType = image.png; path = popoverArrowDown.png; sourceTree = "<group>"; };
		D160F2851CF5AD050080C655 /* popoverArrowDown@2x.png */ = {isa = PBXFileReference; lastKnownFileType = image.png; path = "popoverArrowDown@2x.png"; sourceTree = "<group>"; };
		D160F2861CF5AD050080C655 /* popoverArrowDownSimple.png */ = {isa = PBXFileReference; lastKnownFileType = image.png; path = popoverArrowDownSimple.png; sourceTree = "<group>"; };
		D160F2871CF5AD050080C655 /* popoverArrowLeft.png */ = {isa = PBXFileReference; lastKnownFileType = image.png; path = popoverArrowLeft.png; sourceTree = "<group>"; };
		D160F2881CF5AD050080C655 /* popoverArrowLeft@2x.png */ = {isa = PBXFileReference; lastKnownFileType = image.png; path = "popoverArrowLeft@2x.png"; sourceTree = "<group>"; };
		D160F2891CF5AD050080C655 /* popoverArrowLeftSimple.png */ = {isa = PBXFileReference; lastKnownFileType = image.png; path = popoverArrowLeftSimple.png; sourceTree = "<group>"; };
		D160F28A1CF5AD050080C655 /* popoverArrowRight.png */ = {isa = PBXFileReference; lastKnownFileType = image.png; path = popoverArrowRight.png; sourceTree = "<group>"; };
		D160F28B1CF5AD050080C655 /* popoverArrowRight@2x.png */ = {isa = PBXFileReference; lastKnownFileType = image.png; path = "popoverArrowRight@2x.png"; sourceTree = "<group>"; };
		D160F28C1CF5AD050080C655 /* popoverArrowRightSimple.png */ = {isa = PBXFileReference; lastKnownFileType = image.png; path = popoverArrowRightSimple.png; sourceTree = "<group>"; };
		D160F28D1CF5AD050080C655 /* popoverArrowUp.png */ = {isa = PBXFileReference; lastKnownFileType = image.png; path = popoverArrowUp.png; sourceTree = "<group>"; };
		D160F28E1CF5AD050080C655 /* popoverArrowUp@2x.png */ = {isa = PBXFileReference; lastKnownFileType = image.png; path = "popoverArrowUp@2x.png"; sourceTree = "<group>"; };
		D160F28F1CF5AD050080C655 /* popoverArrowUpSimple.png */ = {isa = PBXFileReference; lastKnownFileType = image.png; path = popoverArrowUpSimple.png; sourceTree = "<group>"; };
		D160F2901CF5AD050080C655 /* popoverBg.png */ = {isa = PBXFileReference; lastKnownFileType = image.png; path = popoverBg.png; sourceTree = "<group>"; };
		D160F2911CF5AD050080C655 /* popoverBg@2x.png */ = {isa = PBXFileReference; lastKnownFileType = image.png; path = "popoverBg@2x.png"; sourceTree = "<group>"; };
		D160F2921CF5AD050080C655 /* popoverBgSimple.png */ = {isa = PBXFileReference; lastKnownFileType = image.png; path = popoverBgSimple.png; sourceTree = "<group>"; };
		D160F2931CF5AD050080C655 /* README */ = {isa = PBXFileReference; fileEncoding = 4; lastKnownFileType = text; path = README; sourceTree = "<group>"; };
		D160F2951CF5AD050080C655 /* ColorButton.h */ = {isa = PBXFileReference; fileEncoding = 4; lastKnownFileType = sourcecode.c.h; path = ColorButton.h; sourceTree = "<group>"; };
		D160F2961CF5AD050080C655 /* ColorButton.m */ = {isa = PBXFileReference; fileEncoding = 4; lastKnownFileType = sourcecode.c.objc; path = ColorButton.m; sourceTree = "<group>"; };
		D160F2971CF5AD050080C655 /* GzColors.h */ = {isa = PBXFileReference; fileEncoding = 4; lastKnownFileType = sourcecode.c.h; path = GzColors.h; sourceTree = "<group>"; };
		D160F2981CF5AD050080C655 /* GzColors.m */ = {isa = PBXFileReference; fileEncoding = 4; lastKnownFileType = sourcecode.c.objc; path = GzColors.m; sourceTree = "<group>"; };
		D160F2991CF5AD050080C655 /* UIBarButtonItem+WEPopover.h */ = {isa = PBXFileReference; fileEncoding = 4; lastKnownFileType = sourcecode.c.h; path = "UIBarButtonItem+WEPopover.h"; sourceTree = "<group>"; };
		D160F29A1CF5AD050080C655 /* UIBarButtonItem+WEPopover.m */ = {isa = PBXFileReference; fileEncoding = 4; lastKnownFileType = sourcecode.c.objc; path = "UIBarButtonItem+WEPopover.m"; sourceTree = "<group>"; };
		D160F29B1CF5AD050080C655 /* WEPopoverContainerView.h */ = {isa = PBXFileReference; fileEncoding = 4; lastKnownFileType = sourcecode.c.h; path = WEPopoverContainerView.h; sourceTree = "<group>"; };
		D160F29C1CF5AD050080C655 /* WEPopoverContainerView.m */ = {isa = PBXFileReference; fileEncoding = 4; lastKnownFileType = sourcecode.c.objc; path = WEPopoverContainerView.m; sourceTree = "<group>"; };
		D160F29D1CF5AD050080C655 /* WEPopoverController.h */ = {isa = PBXFileReference; fileEncoding = 4; lastKnownFileType = sourcecode.c.h; path = WEPopoverController.h; sourceTree = "<group>"; };
		D160F29E1CF5AD050080C655 /* WEPopoverController.m */ = {isa = PBXFileReference; fileEncoding = 4; lastKnownFileType = sourcecode.c.objc; path = WEPopoverController.m; sourceTree = "<group>"; };
		D160F29F1CF5AD050080C655 /* WEPopoverParentView.h */ = {isa = PBXFileReference; fileEncoding = 4; lastKnownFileType = sourcecode.c.h; path = WEPopoverParentView.h; sourceTree = "<group>"; };
		D160F2A01CF5AD050080C655 /* WETouchableView.h */ = {isa = PBXFileReference; fileEncoding = 4; lastKnownFileType = sourcecode.c.h; path = WETouchableView.h; sourceTree = "<group>"; };
		D160F2A11CF5AD050080C655 /* WETouchableView.m */ = {isa = PBXFileReference; fileEncoding = 4; lastKnownFileType = sourcecode.c.objc; path = WETouchableView.m; sourceTree = "<group>"; };
		D160F2A31CF5AD050080C655 /* ColorViewController.h */ = {isa = PBXFileReference; fileEncoding = 4; lastKnownFileType = sourcecode.c.h; path = ColorViewController.h; sourceTree = "<group>"; };
		D160F2A41CF5AD050080C655 /* ColorViewController.m */ = {isa = PBXFileReference; fileEncoding = 4; lastKnownFileType = sourcecode.c.objc; path = ColorViewController.m; sourceTree = "<group>"; };
		D1B04E2C1CF5B39C00EC4F97 /* QuartzCore.framework */ = {isa = PBXFileReference; lastKnownFileType = wrapper.framework; name = QuartzCore.framework; path = /Applications/Xcode.app/Contents/Developer/Platforms/iPhoneOS.platform/Developer/SDKs/iPhoneOS9.0.sdk/System/Library/Frameworks/QuartzCore.framework; sourceTree = "<absolute>"; };
		D1B04E2D1CF5B39C00EC4F97 /* UIKit.framework */ = {isa = PBXFileReference; lastKnownFileType = wrapper.framework; name = UIKit.framework; path = /Applications/Xcode.app/Contents/Developer/Platforms/iPhoneOS.platform/Developer/SDKs/iPhoneOS9.0.sdk/System/Library/Frameworks/UIKit.framework; sourceTree = "<absolute>"; };
		D1B04E2E1CF5B39C00EC4F97 /* Foundation.framework */ = {isa = PBXFileReference; lastKnownFileType = wrapper.framework; name = Foundation.framework; path = /Applications/Xcode.app/Contents/Developer/Platforms/iPhoneOS.platform/Developer/SDKs/iPhoneOS9.0.sdk/System/Library/Frameworks/Foundation.framework; sourceTree = "<absolute>"; };
		D1B04E2F1CF5B39C00EC4F97 /* CoreGraphics.framework */ = {isa = PBXFileReference; lastKnownFileType = wrapper.framework; name = CoreGraphics.framework; path = /Applications/Xcode.app/Contents/Developer/Platforms/iPhoneOS.platform/Developer/SDKs/iPhoneOS9.0.sdk/System/Library/Frameworks/CoreGraphics.framework; sourceTree = "<absolute>"; };
		D1B04E351CF5B42500EC4F97 /* ColorPopoverDemo-Info.plist */ = {isa = PBXFileReference; fileEncoding = 4; lastKnownFileType = text.plist.xml; name = "ColorPopoverDemo-Info.plist"; path = "../../ColorPopover-master/Colors/ColorPopoverDemo-Info.plist"; sourceTree = "<group>"; };
		D1B04E371CF5B42500EC4F97 /* en */ = {isa = PBXFileReference; lastKnownFileType = text.plist.strings; name = en; path = Colors/en.lproj/InfoPlist.strings; sourceTree = "<group>"; };
		D1B04E381CF5B42500EC4F97 /* ColorPopoverDemo-Prefix.pch */ = {isa = PBXFileReference; fileEncoding = 4; lastKnownFileType = sourcecode.c.h; name = "ColorPopoverDemo-Prefix.pch"; path = "../../ColorPopover-master/Colors/ColorPopoverDemo-Prefix.pch"; sourceTree = "<group>"; };
/* End PBXFileReference section */

/* Begin PBXFrameworksBuildPhase section */
		D141E47C1CD7649F0087253A /* Frameworks */ = {
			isa = PBXFrameworksBuildPhase;
			buildActionMask = 2147483647;
			files = (
			);
			runOnlyForDeploymentPostprocessing = 0;
		};
		D141E4951CD7649F0087253A /* Frameworks */ = {
			isa = PBXFrameworksBuildPhase;
			buildActionMask = 2147483647;
			files = (
				D1B04E341CF5B39C00EC4F97 /* CoreGraphics.framework in Frameworks */,
				D1B04E311CF5B39C00EC4F97 /* QuartzCore.framework in Frameworks */,
				D1B04E331CF5B39C00EC4F97 /* Foundation.framework in Frameworks */,
				D1B04E321CF5B39C00EC4F97 /* UIKit.framework in Frameworks */,
			);
			runOnlyForDeploymentPostprocessing = 0;
		};
		D141E4A01CD7649F0087253A /* Frameworks */ = {
			isa = PBXFrameworksBuildPhase;
			buildActionMask = 2147483647;
			files = (
			);
			runOnlyForDeploymentPostprocessing = 0;
		};
/* End PBXFrameworksBuildPhase section */

/* Begin PBXGroup section */
		D141E4761CD7649F0087253A = {
			isa = PBXGroup;
			children = (
				D141E4811CD7649F0087253A /* TouchTracker */,
				D141E49B1CD7649F0087253A /* TouchTrackerTests */,
				D141E4A61CD7649F0087253A /* TouchTrackerUITests */,
				D141E4801CD7649F0087253A /* Products */,
			);
			sourceTree = "<group>";
		};
		D141E4801CD7649F0087253A /* Products */ = {
			isa = PBXGroup;
			children = (
				D141E47F1CD7649F0087253A /* TouchTracker.app */,
				D141E4981CD7649F0087253A /* TouchTrackerTests.xctest */,
				D141E4A31CD7649F0087253A /* TouchTrackerUITests.xctest */,
			);
			name = Products;
			sourceTree = "<group>";
		};
		D141E4811CD7649F0087253A /* TouchTracker */ = {
			isa = PBXGroup;
			children = (
				D160F2A51CF5AD050080C655 /* ColorPopover */,
				D141E4851CD7649F0087253A /* AppDelegate.h */,
				D141E4861CD7649F0087253A /* AppDelegate.m */,
				D141E4B51CD765A80087253A /* BNRLine.h */,
				D141E4B61CD765A80087253A /* BNRLine.m */,
				D141E4BE1CDADEDA0087253A /* BNRCircle.h */,
				D141E4BF1CDADEDA0087253A /* BNRCircle.m */,
				D141E4B81CD766530087253A /* BNRDrawView.h */,
				D141E4B91CD766530087253A /* BNRDrawView.m */,
				D141E4BB1CD766A70087253A /* BNRDrawViewController.h */,
				D141E4BC1CD766A70087253A /* BNRDrawViewController.m */,
				D141E4881CD7649F0087253A /* ViewController.h */,
				D141E4891CD7649F0087253A /* ViewController.m */,
				D141E48B1CD7649F0087253A /* Main.storyboard */,
				D141E48E1CD7649F0087253A /* Assets.xcassets */,
				D141E4901CD7649F0087253A /* LaunchScreen.storyboard */,
				D141E4931CD7649F0087253A /* Info.plist */,
				D141E4821CD7649F0087253A /* Supporting Files */,
			);
			path = TouchTracker;
			sourceTree = "<group>";
		};
		D141E4821CD7649F0087253A /* Supporting Files */ = {
			isa = PBXGroup;
			children = (
				D1B04E301CF5B39C00EC4F97 /* Frameworks */,
				D141E4831CD7649F0087253A /* main.m */,
				D1B04E381CF5B42500EC4F97 /* ColorPopoverDemo-Prefix.pch */,
				D1B04E351CF5B42500EC4F97 /* ColorPopoverDemo-Info.plist */,
				D1B04E361CF5B42500EC4F97 /* InfoPlist.strings */,
			);
			name = "Supporting Files";
			sourceTree = "<group>";
		};
		D141E49B1CD7649F0087253A /* TouchTrackerTests */ = {
			isa = PBXGroup;
			children = (
				D141E49C1CD7649F0087253A /* TouchTrackerTests.m */,
				D141E49E1CD7649F0087253A /* Info.plist */,
			);
			path = TouchTrackerTests;
			sourceTree = "<group>";
		};
		D141E4A61CD7649F0087253A /* TouchTrackerUITests */ = {
			isa = PBXGroup;
			children = (
				D141E4A71CD7649F0087253A /* TouchTrackerUITests.m */,
				D141E4A91CD7649F0087253A /* Info.plist */,
			);
			path = TouchTrackerUITests;
			sourceTree = "<group>";
		};
		D160F2941CF5AD050080C655 /* popoverImages */ = {
			isa = PBXGroup;
			children = (
				D160F2831CF5AD050080C655 /* cache2.png */,
				D160F2841CF5AD050080C655 /* popoverArrowDown.png */,
				D160F2851CF5AD050080C655 /* popoverArrowDown@2x.png */,
				D160F2861CF5AD050080C655 /* popoverArrowDownSimple.png */,
				D160F2871CF5AD050080C655 /* popoverArrowLeft.png */,
				D160F2881CF5AD050080C655 /* popoverArrowLeft@2x.png */,
				D160F2891CF5AD050080C655 /* popoverArrowLeftSimple.png */,
				D160F28A1CF5AD050080C655 /* popoverArrowRight.png */,
				D160F28B1CF5AD050080C655 /* popoverArrowRight@2x.png */,
				D160F28C1CF5AD050080C655 /* popoverArrowRightSimple.png */,
				D160F28D1CF5AD050080C655 /* popoverArrowUp.png */,
				D160F28E1CF5AD050080C655 /* popoverArrowUp@2x.png */,
				D160F28F1CF5AD050080C655 /* popoverArrowUpSimple.png */,
				D160F2901CF5AD050080C655 /* popoverBg.png */,
				D160F2911CF5AD050080C655 /* popoverBg@2x.png */,
				D160F2921CF5AD050080C655 /* popoverBgSimple.png */,
				D160F2931CF5AD050080C655 /* README */,
			);
			path = popoverImages;
			sourceTree = "<group>";
		};
		D160F2A21CF5AD050080C655 /* Popover */ = {
			isa = PBXGroup;
			children = (
				D160F2991CF5AD050080C655 /* UIBarButtonItem+WEPopover.h */,
				D160F29A1CF5AD050080C655 /* UIBarButtonItem+WEPopover.m */,
				D160F29B1CF5AD050080C655 /* WEPopoverContainerView.h */,
				D160F29C1CF5AD050080C655 /* WEPopoverContainerView.m */,
				D160F29D1CF5AD050080C655 /* WEPopoverController.h */,
				D160F29E1CF5AD050080C655 /* WEPopoverController.m */,
				D160F29F1CF5AD050080C655 /* WEPopoverParentView.h */,
				D160F2A01CF5AD050080C655 /* WETouchableView.h */,
				D160F2A11CF5AD050080C655 /* WETouchableView.m */,
			);
			path = Popover;
			sourceTree = "<group>";
		};
		D160F2A51CF5AD050080C655 /* ColorPopover */ = {
			isa = PBXGroup;
			children = (
				D160F2941CF5AD050080C655 /* popoverImages */,
				D160F2951CF5AD050080C655 /* ColorButton.h */,
				D160F2961CF5AD050080C655 /* ColorButton.m */,
				D160F2971CF5AD050080C655 /* GzColors.h */,
				D160F2981CF5AD050080C655 /* GzColors.m */,
				D160F2A21CF5AD050080C655 /* Popover */,
				D160F2A31CF5AD050080C655 /* ColorViewController.h */,
				D160F2A41CF5AD050080C655 /* ColorViewController.m */,
			);
			name = ColorPopover;
			path = "../../ColorPopover-master/Colors/ColorPopover";
			sourceTree = "<group>";
		};
		D1B04E301CF5B39C00EC4F97 /* Frameworks */ = {
			isa = PBXGroup;
			children = (
				D1B04E2C1CF5B39C00EC4F97 /* QuartzCore.framework */,
				D1B04E2D1CF5B39C00EC4F97 /* UIKit.framework */,
				D1B04E2E1CF5B39C00EC4F97 /* Foundation.framework */,
				D1B04E2F1CF5B39C00EC4F97 /* CoreGraphics.framework */,
			);
			name = Frameworks;
			path = "../../ColorPopover-master";
			sourceTree = "<group>";
		};
/* End PBXGroup section */

/* Begin PBXNativeTarget section */
		D141E47E1CD7649F0087253A /* TouchTracker */ = {
			isa = PBXNativeTarget;
			buildConfigurationList = D141E4AC1CD7649F0087253A /* Build configuration list for PBXNativeTarget "TouchTracker" */;
			buildPhases = (
				D141E47B1CD7649F0087253A /* Sources */,
				D141E47C1CD7649F0087253A /* Frameworks */,
				D141E47D1CD7649F0087253A /* Resources */,
			);
			buildRules = (
			);
			dependencies = (
			);
			name = TouchTracker;
			productName = TouchTracker;
			productReference = D141E47F1CD7649F0087253A /* TouchTracker.app */;
			productType = "com.apple.product-type.application";
		};
		D141E4971CD7649F0087253A /* TouchTrackerTests */ = {
			isa = PBXNativeTarget;
			buildConfigurationList = D141E4AF1CD7649F0087253A /* Build configuration list for PBXNativeTarget "TouchTrackerTests" */;
			buildPhases = (
				D141E4941CD7649F0087253A /* Sources */,
				D141E4951CD7649F0087253A /* Frameworks */,
				D141E4961CD7649F0087253A /* Resources */,
			);
			buildRules = (
			);
			dependencies = (
				D141E49A1CD7649F0087253A /* PBXTargetDependency */,
			);
			name = TouchTrackerTests;
			productName = TouchTrackerTests;
			productReference = D141E4981CD7649F0087253A /* TouchTrackerTests.xctest */;
			productType = "com.apple.product-type.bundle.unit-test";
		};
		D141E4A21CD7649F0087253A /* TouchTrackerUITests */ = {
			isa = PBXNativeTarget;
			buildConfigurationList = D141E4B21CD7649F0087253A /* Build configuration list for PBXNativeTarget "TouchTrackerUITests" */;
			buildPhases = (
				D141E49F1CD7649F0087253A /* Sources */,
				D141E4A01CD7649F0087253A /* Frameworks */,
				D141E4A11CD7649F0087253A /* Resources */,
			);
			buildRules = (
			);
			dependencies = (
				D141E4A51CD7649F0087253A /* PBXTargetDependency */,
			);
			name = TouchTrackerUITests;
			productName = TouchTrackerUITests;
			productReference = D141E4A31CD7649F0087253A /* TouchTrackerUITests.xctest */;
			productType = "com.apple.product-type.bundle.ui-testing";
		};
/* End PBXNativeTarget section */

/* Begin PBXProject section */
		D141E4771CD7649F0087253A /* Project object */ = {
			isa = PBXProject;
			attributes = {
				LastUpgradeCheck = 0700;
				ORGANIZATIONNAME = zhk;
				TargetAttributes = {
					D141E47E1CD7649F0087253A = {
						CreatedOnToolsVersion = 7.0;
					};
					D141E4971CD7649F0087253A = {
						CreatedOnToolsVersion = 7.0;
						TestTargetID = D141E47E1CD7649F0087253A;
					};
					D141E4A21CD7649F0087253A = {
						CreatedOnToolsVersion = 7.0;
						TestTargetID = D141E47E1CD7649F0087253A;
					};
				};
			};
			buildConfigurationList = D141E47A1CD7649F0087253A /* Build configuration list for PBXProject "TouchTracker" */;
			compatibilityVersion = "Xcode 3.2";
			developmentRegion = English;
			hasScannedForEncodings = 0;
			knownRegions = (
				en,
				Base,
			);
			mainGroup = D141E4761CD7649F0087253A;
			productRefGroup = D141E4801CD7649F0087253A /* Products */;
			projectDirPath = "";
			projectRoot = "";
			targets = (
				D141E47E1CD7649F0087253A /* TouchTracker */,
				D141E4971CD7649F0087253A /* TouchTrackerTests */,
				D141E4A21CD7649F0087253A /* TouchTrackerUITests */,
			);
		};
/* End PBXProject section */

/* Begin PBXResourcesBuildPhase section */
		D141E47D1CD7649F0087253A /* Resources */ = {
			isa = PBXResourcesBuildPhase;
			buildActionMask = 2147483647;
			files = (
				D160F2B61CF5AD050080C655 /* README in Resources */,
				D160F2B21CF5AD050080C655 /* popoverArrowUpSimple.png in Resources */,
				D160F2AC1CF5AD050080C655 /* popoverArrowLeftSimple.png in Resources */,
				D160F2AA1CF5AD050080C655 /* popoverArrowLeft.png in Resources */,
				D141E4921CD7649F0087253A /* LaunchScreen.storyboard in Resources */,
				D141E48F1CD7649F0087253A /* Assets.xcassets in Resources */,
				D160F2AD1CF5AD050080C655 /* popoverArrowRight.png in Resources */,
				D160F2AE1CF5AD050080C655 /* popoverArrowRight@2x.png in Resources */,
				D160F2B31CF5AD050080C655 /* popoverBg.png in Resources */,
				D1B04E3A1CF5B42500EC4F97 /* InfoPlist.strings in Resources */,
				D160F2A81CF5AD050080C655 /* popoverArrowDown@2x.png in Resources */,
				D1B04E391CF5B42500EC4F97 /* ColorPopoverDemo-Info.plist in Resources */,
				D160F2B51CF5AD050080C655 /* popoverBgSimple.png in Resources */,
				D141E48D1CD7649F0087253A /* Main.storyboard in Resources */,
				D160F2A71CF5AD050080C655 /* popoverArrowDown.png in Resources */,
				D160F2AF1CF5AD050080C655 /* popoverArrowRightSimple.png in Resources */,
				D160F2A61CF5AD050080C655 /* cache2.png in Resources */,
				D160F2B41CF5AD050080C655 /* popoverBg@2x.png in Resources */,
				D160F2AB1CF5AD050080C655 /* popoverArrowLeft@2x.png in Resources */,
				D160F2B01CF5AD050080C655 /* popoverArrowUp.png in Resources */,
				D160F2A91CF5AD050080C655 /* popoverArrowDownSimple.png in Resources */,
				D160F2B11CF5AD050080C655 /* popoverArrowUp@2x.png in Resources */,
			);
			runOnlyForDeploymentPostprocessing = 0;
		};
		D141E4961CD7649F0087253A /* Resources */ = {
			isa = PBXResourcesBuildPhase;
			buildActionMask = 2147483647;
			files = (
			);
			runOnlyForDeploymentPostprocessing = 0;
		};
		D141E4A11CD7649F0087253A /* Resources */ = {
			isa = PBXResourcesBuildPhase;
			buildActionMask = 2147483647;
			files = (
			);
			runOnlyForDeploymentPostprocessing = 0;
		};
/* End PBXResourcesBuildPhase section */

/* Begin PBXSourcesBuildPhase section */
		D141E47B1CD7649F0087253A /* Sources */ = {
			isa = PBXSourcesBuildPhase;
			buildActionMask = 2147483647;
			files = (
				D141E4BA1CD766530087253A /* BNRDrawView.m in Sources */,
				D160F2BA1CF5AD050080C655 /* WEPopoverContainerView.m in Sources */,
				D141E4BD1CD766A70087253A /* BNRDrawViewController.m in Sources */,
				D141E48A1CD7649F0087253A /* ViewController.m in Sources */,
				D160F2B71CF5AD050080C655 /* ColorButton.m in Sources */,
				D141E4871CD7649F0087253A /* AppDelegate.m in Sources */,
				D160F2BD1CF5AD050080C655 /* ColorViewController.m in Sources */,
				D141E4B71CD765A80087253A /* BNRLine.m in Sources */,
				D160F2BB1CF5AD050080C655 /* WEPopoverController.m in Sources */,
				D141E4841CD7649F0087253A /* main.m in Sources */,
				D141E4C01CDADEDA0087253A /* BNRCircle.m in Sources */,
				D160F2BC1CF5AD050080C655 /* WETouchableView.m in Sources */,
				D160F2B91CF5AD050080C655 /* UIBarButtonItem+WEPopover.m in Sources */,
				D160F2B81CF5AD050080C655 /* GzColors.m in Sources */,
			);
			runOnlyForDeploymentPostprocessing = 0;
		};
		D141E4941CD7649F0087253A /* Sources */ = {
			isa = PBXSourcesBuildPhase;
			buildActionMask = 2147483647;
			files = (
				D141E49D1CD7649F0087253A /* TouchTrackerTests.m in Sources */,
			);
			runOnlyForDeploymentPostprocessing = 0;
		};
		D141E49F1CD7649F0087253A /* Sources */ = {
			isa = PBXSourcesBuildPhase;
			buildActionMask = 2147483647;
			files = (
				D141E4A81CD7649F0087253A /* TouchTrackerUITests.m in Sources */,
			);
			runOnlyForDeploymentPostprocessing = 0;
		};
/* End PBXSourcesBuildPhase section */

/* Begin PBXTargetDependency section */
		D141E49A1CD7649F0087253A /* PBXTargetDependency */ = {
			isa = PBXTargetDependency;
			target = D141E47E1CD7649F0087253A /* TouchTracker */;
			targetProxy = D141E4991CD7649F0087253A /* PBXContainerItemProxy */;
		};
		D141E4A51CD7649F0087253A /* PBXTargetDependency */ = {
			isa = PBXTargetDependency;
			target = D141E47E1CD7649F0087253A /* TouchTracker */;
			targetProxy = D141E4A41CD7649F0087253A /* PBXContainerItemProxy */;
		};
/* End PBXTargetDependency section */

/* Begin PBXVariantGroup section */
		D141E48B1CD7649F0087253A /* Main.storyboard */ = {
			isa = PBXVariantGroup;
			children = (
				D141E48C1CD7649F0087253A /* Base */,
			);
			name = Main.storyboard;
			sourceTree = "<group>";
		};
		D141E4901CD7649F0087253A /* LaunchScreen.storyboard */ = {
			isa = PBXVariantGroup;
			children = (
				D141E4911CD7649F0087253A /* Base */,
			);
			name = LaunchScreen.storyboard;
			sourceTree = "<group>";
		};
		D1B04E361CF5B42500EC4F97 /* InfoPlist.strings */ = {
			isa = PBXVariantGroup;
			children = (
				D1B04E371CF5B42500EC4F97 /* en */,
			);
			name = InfoPlist.strings;
			path = "../../ColorPopover-master";
			sourceTree = "<group>";
		};
/* End PBXVariantGroup section */

/* Begin XCBuildConfiguration section */
		D141E4AA1CD7649F0087253A /* Debug */ = {
			isa = XCBuildConfiguration;
			buildSettings = {
				ALWAYS_SEARCH_USER_PATHS = NO;
				CLANG_CXX_LANGUAGE_STANDARD = "gnu++0x";
				CLANG_CXX_LIBRARY = "libc++";
				CLANG_ENABLE_MODULES = YES;
				CLANG_ENABLE_OBJC_ARC = YES;
				CLANG_WARN_BOOL_CONVERSION = YES;
				CLANG_WARN_CONSTANT_CONVERSION = YES;
				CLANG_WARN_DIRECT_OBJC_ISA_USAGE = YES_ERROR;
				CLANG_WARN_EMPTY_BODY = YES;
				CLANG_WARN_ENUM_CONVERSION = YES;
				CLANG_WARN_INT_CONVERSION = YES;
				CLANG_WARN_OBJC_ROOT_CLASS = YES_ERROR;
				CLANG_WARN_UNREACHABLE_CODE = YES;
				CLANG_WARN__DUPLICATE_METHOD_MATCH = YES;
				"CODE_SIGN_IDENTITY[sdk=iphoneos*]" = "iPhone Developer";
				COPY_PHASE_STRIP = NO;
				DEBUG_INFORMATION_FORMAT = dwarf;
				ENABLE_STRICT_OBJC_MSGSEND = YES;
				ENABLE_TESTABILITY = YES;
				GCC_C_LANGUAGE_STANDARD = gnu99;
				GCC_DYNAMIC_NO_PIC = NO;
				GCC_NO_COMMON_BLOCKS = YES;
				GCC_OPTIMIZATION_LEVEL = 0;
				GCC_PREPROCESSOR_DEFINITIONS = (
					"DEBUG=1",
					"$(inherited)",
				);
				GCC_WARN_64_TO_32_BIT_CONVERSION = YES;
				GCC_WARN_ABOUT_RETURN_TYPE = YES_ERROR;
				GCC_WARN_UNDECLARED_SELECTOR = YES;
				GCC_WARN_UNINITIALIZED_AUTOS = YES_AGGRESSIVE;
				GCC_WARN_UNUSED_FUNCTION = YES;
				GCC_WARN_UNUSED_VARIABLE = YES;
				IPHONEOS_DEPLOYMENT_TARGET = 9.0;
				MTL_ENABLE_DEBUG_INFO = YES;
				ONLY_ACTIVE_ARCH = YES;
				RUN_CLANG_STATIC_ANALYZER = NO;
				SDKROOT = iphoneos;
			};
			name = Debug;
		};
		D141E4AB1CD7649F0087253A /* Release */ = {
			isa = XCBuildConfiguration;
			buildSettings = {
				ALWAYS_SEARCH_USER_PATHS = NO;
				CLANG_CXX_LANGUAGE_STANDARD = "gnu++0x";
				CLANG_CXX_LIBRARY = "libc++";
				CLANG_ENABLE_MODULES = YES;
				CLANG_ENABLE_OBJC_ARC = YES;
				CLANG_WARN_BOOL_CONVERSION = YES;
				CLANG_WARN_CONSTANT_CONVERSION = YES;
				CLANG_WARN_DIRECT_OBJC_ISA_USAGE = YES_ERROR;
				CLANG_WARN_EMPTY_BODY = YES;
				CLANG_WARN_ENUM_CONVERSION = YES;
				CLANG_WARN_INT_CONVERSION = YES;
				CLANG_WARN_OBJC_ROOT_CLASS = YES_ERROR;
				CLANG_WARN_UNREACHABLE_CODE = YES;
				CLANG_WARN__DUPLICATE_METHOD_MATCH = YES;
				"CODE_SIGN_IDENTITY[sdk=iphoneos*]" = "iPhone Developer";
				COPY_PHASE_STRIP = NO;
				DEBUG_INFORMATION_FORMAT = "dwarf-with-dsym";
				ENABLE_NS_ASSERTIONS = NO;
				ENABLE_STRICT_OBJC_MSGSEND = YES;
				GCC_C_LANGUAGE_STANDARD = gnu99;
				GCC_NO_COMMON_BLOCKS = YES;
				GCC_WARN_64_TO_32_BIT_CONVERSION = YES;
				GCC_WARN_ABOUT_RETURN_TYPE = YES_ERROR;
				GCC_WARN_UNDECLARED_SELECTOR = YES;
				GCC_WARN_UNINITIALIZED_AUTOS = YES_AGGRESSIVE;
				GCC_WARN_UNUSED_FUNCTION = YES;
				GCC_WARN_UNUSED_VARIABLE = YES;
				IPHONEOS_DEPLOYMENT_TARGET = 9.0;
				MTL_ENABLE_DEBUG_INFO = NO;
				RUN_CLANG_STATIC_ANALYZER = NO;
				SDKROOT = iphoneos;
				VALIDATE_PRODUCT = YES;
			};
			name = Release;
		};
		D141E4AD1CD7649F0087253A /* Debug */ = {
			isa = XCBuildConfiguration;
			buildSettings = {
				ASSETCATALOG_COMPILER_APPICON_NAME = AppIcon;
				GCC_PREPROCESSOR_DEFINITIONS = (
					"DEBUG=1",
					"$(inherited)",
				);
				INFOPLIST_FILE = TouchTracker/Info.plist;
				LD_RUNPATH_SEARCH_PATHS = "$(inherited) @executable_path/Frameworks";
				PRODUCT_BUNDLE_IDENTIFIER = zhk.TouchTracker;
				PRODUCT_NAME = "$(TARGET_NAME)";
				SDKROOT = iphoneos;
			};
			name = Debug;
		};
		D141E4AE1CD7649F0087253A /* Release */ = {
			isa = XCBuildConfiguration;
			buildSettings = {
				ASSETCATALOG_COMPILER_APPICON_NAME = AppIcon;
				INFOPLIST_FILE = TouchTracker/Info.plist;
				LD_RUNPATH_SEARCH_PATHS = "$(inherited) @executable_path/Frameworks";
				PRODUCT_BUNDLE_IDENTIFIER = zhk.TouchTracker;
				PRODUCT_NAME = "$(TARGET_NAME)";
				SDKROOT = iphoneos;
			};
			name = Release;
		};
		D141E4B01CD7649F0087253A /* Debug */ = {
			isa = XCBuildConfiguration;
			buildSettings = {
				BUNDLE_LOADER = "$(TEST_HOST)";
				INFOPLIST_FILE = TouchTrackerTests/Info.plist;
				LD_RUNPATH_SEARCH_PATHS = "$(inherited) @executable_path/Frameworks @loader_path/Frameworks";
				PRODUCT_BUNDLE_IDENTIFIER = zhk.TouchTrackerTests;
				PRODUCT_NAME = "$(TARGET_NAME)";
				TEST_HOST = "$(BUILT_PRODUCTS_DIR)/TouchTracker.app/TouchTracker";
			};
			name = Debug;
		};
		D141E4B11CD7649F0087253A /* Release */ = {
			isa = XCBuildConfiguration;
			buildSettings = {
				BUNDLE_LOADER = "$(TEST_HOST)";
				INFOPLIST_FILE = TouchTrackerTests/Info.plist;
				LD_RUNPATH_SEARCH_PATHS = "$(inherited) @executable_path/Frameworks @loader_path/Frameworks";
				PRODUCT_BUNDLE_IDENTIFIER = zhk.TouchTrackerTests;
				PRODUCT_NAME = "$(TARGET_NAME)";
				TEST_HOST = "$(BUILT_PRODUCTS_DIR)/TouchTracker.app/TouchTracker";
			};
			name = Release;
		};
		D141E4B31CD7649F0087253A /* Debug */ = {
			isa = XCBuildConfiguration;
			buildSettings = {
				INFOPLIST_FILE = TouchTrackerUITests/Info.plist;
				LD_RUNPATH_SEARCH_PATHS = "$(inherited) @executable_path/Frameworks @loader_path/Frameworks";
				PRODUCT_BUNDLE_IDENTIFIER = zhk.TouchTrackerUITests;
				PRODUCT_NAME = "$(TARGET_NAME)";
				TEST_TARGET_NAME = TouchTracker;
				USES_XCTRUNNER = YES;
			};
			name = Debug;
		};
		D141E4B41CD7649F0087253A /* Release */ = {
			isa = XCBuildConfiguration;
			buildSettings = {
				INFOPLIST_FILE = TouchTrackerUITests/Info.plist;
				LD_RUNPATH_SEARCH_PATHS = "$(inherited) @executable_path/Frameworks @loader_path/Frameworks";
				PRODUCT_BUNDLE_IDENTIFIER = zhk.TouchTrackerUITests;
				PRODUCT_NAME = "$(TARGET_NAME)";
				TEST_TARGET_NAME = TouchTracker;
				USES_XCTRUNNER = YES;
			};
			name = Release;
		};
/* End XCBuildConfiguration section */

/* Begin XCConfigurationList section */
		D141E47A1CD7649F0087253A /* Build configuration list for PBXProject "TouchTracker" */ = {
			isa = XCConfigurationList;
			buildConfigurations = (
				D141E4AA1CD7649F0087253A /* Debug */,
				D141E4AB1CD7649F0087253A /* Release */,
			);
			defaultConfigurationIsVisible = 0;
			defaultConfigurationName = Release;
		};
		D141E4AC1CD7649F0087253A /* Build configuration list for PBXNativeTarget "TouchTracker" */ = {
			isa = XCConfigurationList;
			buildConfigurations = (
				D141E4AD1CD7649F0087253A /* Debug */,
				D141E4AE1CD7649F0087253A /* Release */,
			);
			defaultConfigurationIsVisible = 0;
			defaultConfigurationName = Release;
		};
		D141E4AF1CD7649F0087253A /* Build configuration list for PBXNativeTarget "TouchTrackerTests" */ = {
			isa = XCConfigurationList;
			buildConfigurations = (
				D141E4B01CD7649F0087253A /* Debug */,
				D141E4B11CD7649F0087253A /* Release */,
			);
			defaultConfigurationIsVisible = 0;
			defaultConfigurationName = Release;
		};
		D141E4B21CD7649F0087253A /* Build configuration list for PBXNativeTarget "TouchTrackerUITests" */ = {
			isa = XCConfigurationList;
			buildConfigurations = (
				D141E4B31CD7649F0087253A /* Debug */,
				D141E4B41CD7649F0087253A /* Release */,
			);
			defaultConfigurationIsVisible = 0;
			defaultConfigurationName = Release;
		};
/* End XCConfigurationList section */
	};
	rootObject = D141E4771CD7649F0087253A /* Project object */;
}
